{
  "originHash" : "b8db540652b5bd5eb3916830a8f5e215a161e6b759d8633d4f84752129aa75e2",
  "pins" : [
    {
      "identity" : "haishinkit.swift",
      "kind" : "remoteSourceControl",
      "location" : "https://github.com/shogo4405/HaishinKit.swift",
      "state" : {
        "revision" : "0fdd6b0046964161e3a7d263685ac1737e57a341",
        "version" : "1.7.3"
      }
    },
    {
      "identity" : "inappsettingskit",
      "kind" : "remoteSourceControl",
      "location" : "https://github.com/futuretap/InAppSettingsKit.git",
      "state" : {
        "revision" : "5b6a33cd5d227d71f79bf8e43be2049d981c6aad",
        "version" : "3.7.1"
      }
    },
    {
      "identity" : "logboard",
      "kind" : "remoteSourceControl",
      "location" : "https://github.com/shogo4405/Logboard.git",
      "state" : {
        "revision" : "c6328f9751627287bcddcf0106eb54e5ca6b9ef8",
        "version" : "2.4.2"
      }
    }
  ],
  "version" : 3
}
