{
  "pins" : [
    {
      "identity" : "haishinkit.swift",
      "kind" : "remoteSourceControl",
      "location" : "https://github.com/shogo4405/HaishinKit.swift",
      "state" : {
        "revision" : "67db4b55fda970453fa58906fb37159ea7ff4a7c",
        "version" : "1.4.3"
      }
    },
    {
      "identity" : "logboard",
      "kind" : "remoteSourceControl",
      "location" : "https://github.com/shogo4405/Logboard.git",
      "state" : {
        "revision" : "0213f0b41c37d2e958b261657b72ce3801f472f9",
        "version" : "2.3.0"
      }
    }
  ],
  "version" : 2
}
