PODS:
  - ApiVideoLiveStream (1.2.2):
    - HaishinKit (= 1.3.0)
  - HaishinKit (1.3.0):
    - Logboard (~> 2.3.0)
  - Logboard (2.3.0)

DEPENDENCIES:
  - ApiVideoLiveStream (from `.`)

SPEC REPOS:
  trunk:
    - HaishinKit
    - Logboard

EXTERNAL SOURCES:
  ApiVideoLiveStream:
    :path: "."

SPEC CHECKSUMS:
  ApiVideoLiveStream: 5842571806a2ed26671597dadd370ec38d9b9ba4
  HaishinKit: 013229683accc4abe46630b04629da3ff90428b7
  Logboard: f3a37d2a4040b82b7e2eb39765897e2c9c5ec024

PODFILE CHECKSUM: fed06b361b6d956c00b8b08d5b83f79f65e5973b

COCOAPODS: 1.11.3
