PODS:
  - HaishinKit (1.2.1):
    - Logboard (~> 2.2.2)
  - Logboard (2.2.2)

DEPENDENCIES:
  - HaishinKit (= 1.2.1)

SPEC REPOS:
  trunk:
    - HaishinKit
    - Logboard

SPEC CHECKSUMS:
  HaishinKit: 2b924f6ce90483e373f7079de90b2496fea30241
  Logboard: 0ab6bbd984ed032b3f0b615cef06779a73445c80

PODFILE CHECKSUM: 6e4f0977ceb16ea9e41f59d80e6b11c2d9c9fe10

COCOAPODS: 1.11.2
