// !$*UTF8*$!
{
	archiveVersion = 1;
	classes = {
	};
	objectVersion = 51;
	objects = {

/* Begin PBXBuildFile section */
		04D5A2B955A0A1996716F19A /* Pods_ApiVideoLiveStream_Tests.framework in Frameworks */ = {isa = PBXBuildFile; fileRef = 5E4F791480CC5345DFC9D9F6 /* Pods_ApiVideoLiveStream_Tests.framework */; };
		11B4FDD42C5174F2136530EE /* Pods_Example.framework in Frameworks */ = {isa = PBXBuildFile; fileRef = 89CC6DFCEFA817903781E48E /* Pods_Example.framework */; };
		212CABF3277A13A700E02F79 /* Configuration.swift in Sources */ = {isa = PBXBuildFile; fileRef = 212CABF2277A13A700E02F79 /* Configuration.swift */; };
		216536ED2779C66100170AF2 /* ApiVideoLiveStream.swift in Sources */ = {isa = PBXBuildFile; fileRef = 216536EB2779C65A00170AF2 /* ApiVideoLiveStream.swift */; };
		216536F32779C6A800170AF2 /* DummyTest.swift in Sources */ = {isa = PBXBuildFile; fileRef = 216536F12779C6A800170AF2 /* DummyTest.swift */; };
		216536F42779C6A800170AF2 /* Info.plist in Resources */ = {isa = PBXBuildFile; fileRef = 216536F22779C6A800170AF2 /* Info.plist */; };
		219B8DBE2779B46900E1B695 /* AppDelegate.swift in Sources */ = {isa = PBXBuildFile; fileRef = 219B8DBD2779B46900E1B695 /* AppDelegate.swift */; };
		219B8DC02779B46900E1B695 /* SceneDelegate.swift in Sources */ = {isa = PBXBuildFile; fileRef = 219B8DBF2779B46900E1B695 /* SceneDelegate.swift */; };
		219B8DC22779B46900E1B695 /* ViewController.swift in Sources */ = {isa = PBXBuildFile; fileRef = 219B8DC12779B46900E1B695 /* ViewController.swift */; };
		219B8DC52779B46900E1B695 /* Main.storyboard in Resources */ = {isa = PBXBuildFile; fileRef = 219B8DC32779B46900E1B695 /* Main.storyboard */; };
		219B8DC72779B46A00E1B695 /* Assets.xcassets in Resources */ = {isa = PBXBuildFile; fileRef = 219B8DC62779B46A00E1B695 /* Assets.xcassets */; };
		219B8DCA2779B46A00E1B695 /* LaunchScreen.storyboard in Resources */ = {isa = PBXBuildFile; fileRef = 219B8DC82779B46A00E1B695 /* LaunchScreen.storyboard */; };
		41576FD87238AAEA68615280 /* Pods_ApiVideoLiveStream.framework in Frameworks */ = {isa = PBXBuildFile; fileRef = F74CB8AFDF71B22330FF5077 /* Pods_ApiVideoLiveStream.framework */; };
		C7178158279AC41F00276345 /* SettingsManager.swift in Sources */ = {isa = PBXBuildFile; fileRef = C7178157279AC41F00276345 /* SettingsManager.swift */; };
		C78C2016263AD01D0022A7BC /* ApiVideoLiveStream.framework in Frameworks */ = {isa = PBXBuildFile; fileRef = C78C200C263AD01C0022A7BC /* ApiVideoLiveStream.framework */; };
		C7961B06278C4CC400B5EE94 /* SettingsViewController.swift in Sources */ = {isa = PBXBuildFile; fileRef = C7961B05278C4CC300B5EE94 /* SettingsViewController.swift */; };
		C7961B08278C8B9200B5EE94 /* Settings.bundle in Resources */ = {isa = PBXBuildFile; fileRef = C7961B07278C8B9200B5EE94 /* Settings.bundle */; };
		C7961B0A278F228700B5EE94 /* SettingTableViewCell.swift in Sources */ = {isa = PBXBuildFile; fileRef = C7961B09278F228600B5EE94 /* SettingTableViewCell.swift */; };
		C7961B0C278F3DD700B5EE94 /* SwitchTableViewCell.swift in Sources */ = {isa = PBXBuildFile; fileRef = C7961B0B278F3DD700B5EE94 /* SwitchTableViewCell.swift */; };
		C7961B0E278F55B500B5EE94 /* SliderTableViewCell.swift in Sources */ = {isa = PBXBuildFile; fileRef = C7961B0D278F55B400B5EE94 /* SliderTableViewCell.swift */; };
		C7961B1027902DFB00B5EE94 /* TextTableViewCell.swift in Sources */ = {isa = PBXBuildFile; fileRef = C7961B0F27902DFA00B5EE94 /* TextTableViewCell.swift */; };
		C7961B122791BF4D00B5EE94 /* ListViewController.swift in Sources */ = {isa = PBXBuildFile; fileRef = C7961B112791BF4C00B5EE94 /* ListViewController.swift */; };
		C7961B142791DA6A00B5EE94 /* ListTableViewCell.swift in Sources */ = {isa = PBXBuildFile; fileRef = C7961B132791DA6900B5EE94 /* ListTableViewCell.swift */; };
		C7961B162796D23800B5EE94 /* UpdateParamDelegate.swift in Sources */ = {isa = PBXBuildFile; fileRef = C7961B152796D23700B5EE94 /* UpdateParamDelegate.swift */; };
/* End PBXBuildFile section */

/* Begin PBXContainerItemProxy section */
		C78C2017263AD01D0022A7BC /* PBXContainerItemProxy */ = {
			isa = PBXContainerItemProxy;
			containerPortal = C78C2003263AD01C0022A7BC /* Project object */;
			proxyType = 1;
			remoteGlobalIDString = C78C200B263AD01C0022A7BC;
			remoteInfo = LiveStreamIos;
		};
/* End PBXContainerItemProxy section */

/* Begin PBXFileReference section */
		212CABF2277A13A700E02F79 /* Configuration.swift */ = {isa = PBXFileReference; fileEncoding = 4; lastKnownFileType = sourcecode.swift; path = Configuration.swift; sourceTree = "<group>"; };
		216536EB2779C65A00170AF2 /* ApiVideoLiveStream.swift */ = {isa = PBXFileReference; lastKnownFileType = sourcecode.swift; path = ApiVideoLiveStream.swift; sourceTree = "<group>"; };
		216536EC2779C65A00170AF2 /* Info.plist */ = {isa = PBXFileReference; lastKnownFileType = text.plist.xml; path = Info.plist; sourceTree = "<group>"; };
		216536F12779C6A800170AF2 /* DummyTest.swift */ = {isa = PBXFileReference; fileEncoding = 4; lastKnownFileType = sourcecode.swift; path = DummyTest.swift; sourceTree = "<group>"; };
		216536F22779C6A800170AF2 /* Info.plist */ = {isa = PBXFileReference; fileEncoding = 4; lastKnownFileType = text.plist.xml; path = Info.plist; sourceTree = "<group>"; };
		219B8DBB2779B46900E1B695 /* Example.app */ = {isa = PBXFileReference; explicitFileType = wrapper.application; includeInIndex = 0; path = Example.app; sourceTree = BUILT_PRODUCTS_DIR; };
		219B8DBD2779B46900E1B695 /* AppDelegate.swift */ = {isa = PBXFileReference; lastKnownFileType = sourcecode.swift; path = AppDelegate.swift; sourceTree = "<group>"; };
		219B8DBF2779B46900E1B695 /* SceneDelegate.swift */ = {isa = PBXFileReference; lastKnownFileType = sourcecode.swift; path = SceneDelegate.swift; sourceTree = "<group>"; };
		219B8DC12779B46900E1B695 /* ViewController.swift */ = {isa = PBXFileReference; lastKnownFileType = sourcecode.swift; path = ViewController.swift; sourceTree = "<group>"; };
		219B8DC42779B46900E1B695 /* Base */ = {isa = PBXFileReference; lastKnownFileType = file.storyboard; name = Base; path = Base.lproj/Main.storyboard; sourceTree = "<group>"; };
		219B8DC62779B46A00E1B695 /* Assets.xcassets */ = {isa = PBXFileReference; lastKnownFileType = folder.assetcatalog; path = Assets.xcassets; sourceTree = "<group>"; };
		219B8DC92779B46A00E1B695 /* Base */ = {isa = PBXFileReference; lastKnownFileType = file.storyboard; name = Base; path = Base.lproj/LaunchScreen.storyboard; sourceTree = "<group>"; };
		219B8DCB2779B46A00E1B695 /* Info.plist */ = {isa = PBXFileReference; lastKnownFileType = text.plist.xml; path = Info.plist; sourceTree = "<group>"; };
		43AB8AD04FF000B9D6FC0B08 /* Pods-ApiVideoLiveStream.release.xcconfig */ = {isa = PBXFileReference; includeInIndex = 1; lastKnownFileType = text.xcconfig; name = "Pods-ApiVideoLiveStream.release.xcconfig"; path = "Target Support Files/Pods-ApiVideoLiveStream/Pods-ApiVideoLiveStream.release.xcconfig"; sourceTree = "<group>"; };
		4CE9E869BDDA54F47CEA1F37 /* Pods-Example.release.xcconfig */ = {isa = PBXFileReference; includeInIndex = 1; lastKnownFileType = text.xcconfig; name = "Pods-Example.release.xcconfig"; path = "Target Support Files/Pods-Example/Pods-Example.release.xcconfig"; sourceTree = "<group>"; };
		5E4F791480CC5345DFC9D9F6 /* Pods_ApiVideoLiveStream_Tests.framework */ = {isa = PBXFileReference; explicitFileType = wrapper.framework; includeInIndex = 0; path = Pods_ApiVideoLiveStream_Tests.framework; sourceTree = BUILT_PRODUCTS_DIR; };
		7212940258CECDA65B7AED0B /* Pods-ApiVideoLiveStream-Tests.release.xcconfig */ = {isa = PBXFileReference; includeInIndex = 1; lastKnownFileType = text.xcconfig; name = "Pods-ApiVideoLiveStream-Tests.release.xcconfig"; path = "Target Support Files/Pods-ApiVideoLiveStream-Tests/Pods-ApiVideoLiveStream-Tests.release.xcconfig"; sourceTree = "<group>"; };
		89CC6DFCEFA817903781E48E /* Pods_Example.framework */ = {isa = PBXFileReference; explicitFileType = wrapper.framework; includeInIndex = 0; path = Pods_Example.framework; sourceTree = BUILT_PRODUCTS_DIR; };
		8A7FD4A00396029F35B4C6A3 /* Pods-ApiVideoLiveStream.debug.xcconfig */ = {isa = PBXFileReference; includeInIndex = 1; lastKnownFileType = text.xcconfig; name = "Pods-ApiVideoLiveStream.debug.xcconfig"; path = "Target Support Files/Pods-ApiVideoLiveStream/Pods-ApiVideoLiveStream.debug.xcconfig"; sourceTree = "<group>"; };
		93EA046C0AD14723CDB83FB9 /* Pods-Example.debug.xcconfig */ = {isa = PBXFileReference; includeInIndex = 1; lastKnownFileType = text.xcconfig; name = "Pods-Example.debug.xcconfig"; path = "Target Support Files/Pods-Example/Pods-Example.debug.xcconfig"; sourceTree = "<group>"; };
		A16C02B4E0E20B40927FC7E3 /* Pods-ApiVideoLiveStream-Tests.debug.xcconfig */ = {isa = PBXFileReference; includeInIndex = 1; lastKnownFileType = text.xcconfig; name = "Pods-ApiVideoLiveStream-Tests.debug.xcconfig"; path = "Target Support Files/Pods-ApiVideoLiveStream-Tests/Pods-ApiVideoLiveStream-Tests.debug.xcconfig"; sourceTree = "<group>"; };
		C7178157279AC41F00276345 /* SettingsManager.swift */ = {isa = PBXFileReference; lastKnownFileType = sourcecode.swift; path = SettingsManager.swift; sourceTree = "<group>"; };
		C78C200C263AD01C0022A7BC /* ApiVideoLiveStream.framework */ = {isa = PBXFileReference; explicitFileType = wrapper.framework; includeInIndex = 0; path = ApiVideoLiveStream.framework; sourceTree = BUILT_PRODUCTS_DIR; };
		C78C2015263AD01D0022A7BC /* Tests.xctest */ = {isa = PBXFileReference; explicitFileType = wrapper.cfbundle; includeInIndex = 0; path = Tests.xctest; sourceTree = BUILT_PRODUCTS_DIR; };
		C7961B05278C4CC300B5EE94 /* SettingsViewController.swift */ = {isa = PBXFileReference; lastKnownFileType = sourcecode.swift; path = SettingsViewController.swift; sourceTree = "<group>"; };
		C7961B07278C8B9200B5EE94 /* Settings.bundle */ = {isa = PBXFileReference; lastKnownFileType = "wrapper.plug-in"; path = Settings.bundle; sourceTree = "<group>"; };
		C7961B09278F228600B5EE94 /* SettingTableViewCell.swift */ = {isa = PBXFileReference; lastKnownFileType = sourcecode.swift; path = SettingTableViewCell.swift; sourceTree = "<group>"; };
		C7961B0B278F3DD700B5EE94 /* SwitchTableViewCell.swift */ = {isa = PBXFileReference; lastKnownFileType = sourcecode.swift; path = SwitchTableViewCell.swift; sourceTree = "<group>"; };
		C7961B0D278F55B400B5EE94 /* SliderTableViewCell.swift */ = {isa = PBXFileReference; lastKnownFileType = sourcecode.swift; path = SliderTableViewCell.swift; sourceTree = "<group>"; };
		C7961B0F27902DFA00B5EE94 /* TextTableViewCell.swift */ = {isa = PBXFileReference; lastKnownFileType = sourcecode.swift; path = TextTableViewCell.swift; sourceTree = "<group>"; };
		C7961B112791BF4C00B5EE94 /* ListViewController.swift */ = {isa = PBXFileReference; lastKnownFileType = sourcecode.swift; path = ListViewController.swift; sourceTree = "<group>"; };
		C7961B132791DA6900B5EE94 /* ListTableViewCell.swift */ = {isa = PBXFileReference; lastKnownFileType = sourcecode.swift; path = ListTableViewCell.swift; sourceTree = "<group>"; };
		C7961B152796D23700B5EE94 /* UpdateParamDelegate.swift */ = {isa = PBXFileReference; lastKnownFileType = sourcecode.swift; path = UpdateParamDelegate.swift; sourceTree = "<group>"; };
		F74CB8AFDF71B22330FF5077 /* Pods_ApiVideoLiveStream.framework */ = {isa = PBXFileReference; explicitFileType = wrapper.framework; includeInIndex = 0; path = Pods_ApiVideoLiveStream.framework; sourceTree = BUILT_PRODUCTS_DIR; };
/* End PBXFileReference section */

/* Begin PBXFrameworksBuildPhase section */
		219B8DB82779B46900E1B695 /* Frameworks */ = {
			isa = PBXFrameworksBuildPhase;
			buildActionMask = 2147483647;
			files = (
				11B4FDD42C5174F2136530EE /* Pods_Example.framework in Frameworks */,
			);
			runOnlyForDeploymentPostprocessing = 0;
		};
		C78C2009263AD01C0022A7BC /* Frameworks */ = {
			isa = PBXFrameworksBuildPhase;
			buildActionMask = 2147483647;
			files = (
				41576FD87238AAEA68615280 /* Pods_ApiVideoLiveStream.framework in Frameworks */,
			);
			runOnlyForDeploymentPostprocessing = 0;
		};
		C78C2012263AD01D0022A7BC /* Frameworks */ = {
			isa = PBXFrameworksBuildPhase;
			buildActionMask = 2147483647;
			files = (
				C78C2016263AD01D0022A7BC /* ApiVideoLiveStream.framework in Frameworks */,
				04D5A2B955A0A1996716F19A /* Pods_ApiVideoLiveStream_Tests.framework in Frameworks */,
			);
			runOnlyForDeploymentPostprocessing = 0;
		};
/* End PBXFrameworksBuildPhase section */

/* Begin PBXGroup section */
		216536EA2779C65A00170AF2 /* Sources */ = {
			isa = PBXGroup;
			children = (
				212CABF2277A13A700E02F79 /* Configuration.swift */,
				216536EB2779C65A00170AF2 /* ApiVideoLiveStream.swift */,
				216536EC2779C65A00170AF2 /* Info.plist */,
			);
			path = Sources;
			sourceTree = "<group>";
		};
		216536F02779C6A800170AF2 /* Tests */ = {
			isa = PBXGroup;
			children = (
				216536F12779C6A800170AF2 /* DummyTest.swift */,
				216536F22779C6A800170AF2 /* Info.plist */,
			);
			path = Tests;
			sourceTree = "<group>";
		};
		219B8DBC2779B46900E1B695 /* Example */ = {
			isa = PBXGroup;
			children = (
				C717815627995F0E00276345 /* Cells */,
				C717815527995EF800276345 /* Controllers */,
				219B8DBD2779B46900E1B695 /* AppDelegate.swift */,
				219B8DBF2779B46900E1B695 /* SceneDelegate.swift */,
				219B8DC32779B46900E1B695 /* Main.storyboard */,
				C7961B07278C8B9200B5EE94 /* Settings.bundle */,
				219B8DC62779B46A00E1B695 /* Assets.xcassets */,
				219B8DC82779B46A00E1B695 /* LaunchScreen.storyboard */,
				219B8DCB2779B46A00E1B695 /* Info.plist */,
				C7961B152796D23700B5EE94 /* UpdateParamDelegate.swift */,
				C7178157279AC41F00276345 /* SettingsManager.swift */,
			);
			path = Example;
			sourceTree = "<group>";
		};
		38F3C53AFC2DFE01D14EA6D0 /* Pods */ = {
			isa = PBXGroup;
			children = (
				8A7FD4A00396029F35B4C6A3 /* Pods-ApiVideoLiveStream.debug.xcconfig */,
				43AB8AD04FF000B9D6FC0B08 /* Pods-ApiVideoLiveStream.release.xcconfig */,
				A16C02B4E0E20B40927FC7E3 /* Pods-ApiVideoLiveStream-Tests.debug.xcconfig */,
				7212940258CECDA65B7AED0B /* Pods-ApiVideoLiveStream-Tests.release.xcconfig */,
				93EA046C0AD14723CDB83FB9 /* Pods-Example.debug.xcconfig */,
				4CE9E869BDDA54F47CEA1F37 /* Pods-Example.release.xcconfig */,
			);
			path = Pods;
			sourceTree = "<group>";
		};
		5DAF1CAD5B98CC708B4E7563 /* Frameworks */ = {
			isa = PBXGroup;
			children = (
				F74CB8AFDF71B22330FF5077 /* Pods_ApiVideoLiveStream.framework */,
				5E4F791480CC5345DFC9D9F6 /* Pods_ApiVideoLiveStream_Tests.framework */,
				89CC6DFCEFA817903781E48E /* Pods_Example.framework */,
			);
			name = Frameworks;
			sourceTree = "<group>";
		};
		C717815527995EF800276345 /* Controllers */ = {
			isa = PBXGroup;
			children = (
				219B8DC12779B46900E1B695 /* ViewController.swift */,
				C7961B05278C4CC300B5EE94 /* SettingsViewController.swift */,
				C7961B112791BF4C00B5EE94 /* ListViewController.swift */,
			);
			path = Controllers;
			sourceTree = "<group>";
		};
		C717815627995F0E00276345 /* Cells */ = {
			isa = PBXGroup;
			children = (
				C7961B09278F228600B5EE94 /* SettingTableViewCell.swift */,
				C7961B0B278F3DD700B5EE94 /* SwitchTableViewCell.swift */,
				C7961B132791DA6900B5EE94 /* ListTableViewCell.swift */,
				C7961B0D278F55B400B5EE94 /* SliderTableViewCell.swift */,
				C7961B0F27902DFA00B5EE94 /* TextTableViewCell.swift */,
			);
			path = Cells;
			sourceTree = "<group>";
		};
		C78C2002263AD01C0022A7BC = {
			isa = PBXGroup;
			children = (
				216536F02779C6A800170AF2 /* Tests */,
				216536EA2779C65A00170AF2 /* Sources */,
				219B8DBC2779B46900E1B695 /* Example */,
				C78C200D263AD01C0022A7BC /* Products */,
				38F3C53AFC2DFE01D14EA6D0 /* Pods */,
				5DAF1CAD5B98CC708B4E7563 /* Frameworks */,
			);
			sourceTree = "<group>";
		};
		C78C200D263AD01C0022A7BC /* Products */ = {
			isa = PBXGroup;
			children = (
				C78C200C263AD01C0022A7BC /* ApiVideoLiveStream.framework */,
				C78C2015263AD01D0022A7BC /* Tests.xctest */,
				219B8DBB2779B46900E1B695 /* Example.app */,
			);
			name = Products;
			sourceTree = "<group>";
		};
/* End PBXGroup section */

/* Begin PBXHeadersBuildPhase section */
		C78C2007263AD01C0022A7BC /* Headers */ = {
			isa = PBXHeadersBuildPhase;
			buildActionMask = 2147483647;
			files = (
			);
			runOnlyForDeploymentPostprocessing = 0;
		};
/* End PBXHeadersBuildPhase section */

/* Begin PBXNativeTarget section */
		219B8DBA2779B46900E1B695 /* Example */ = {
			isa = PBXNativeTarget;
			buildConfigurationList = 219B8DCC2779B46A00E1B695 /* Build configuration list for PBXNativeTarget "Example" */;
			buildPhases = (
				D39B9E5D0EA2394E5FBB8C94 /* [CP] Check Pods Manifest.lock */,
				219B8DB72779B46900E1B695 /* Sources */,
				219B8DB82779B46900E1B695 /* Frameworks */,
				219B8DB92779B46900E1B695 /* Resources */,
				BD70C40A42996D14F203BD5C /* [CP] Embed Pods Frameworks */,
			);
			buildRules = (
			);
			dependencies = (
			);
			name = Example;
			productName = Example;
			productReference = 219B8DBB2779B46900E1B695 /* Example.app */;
			productType = "com.apple.product-type.application";
		};
		C78C200B263AD01C0022A7BC /* ApiVideoLiveStream */ = {
			isa = PBXNativeTarget;
			buildConfigurationList = C78C2020263AD01D0022A7BC /* Build configuration list for PBXNativeTarget "ApiVideoLiveStream" */;
			buildPhases = (
				6E7AD57714E038DFA6924F0E /* [CP] Check Pods Manifest.lock */,
				C78C2007263AD01C0022A7BC /* Headers */,
				C78C2008263AD01C0022A7BC /* Sources */,
				C78C2009263AD01C0022A7BC /* Frameworks */,
				C78C200A263AD01C0022A7BC /* Resources */,
			);
			buildRules = (
			);
			dependencies = (
			);
			name = ApiVideoLiveStream;
			productName = LiveStreamIos;
			productReference = C78C200C263AD01C0022A7BC /* ApiVideoLiveStream.framework */;
			productType = "com.apple.product-type.framework";
		};
		C78C2014263AD01D0022A7BC /* Tests */ = {
			isa = PBXNativeTarget;
			buildConfigurationList = C78C2023263AD01D0022A7BC /* Build configuration list for PBXNativeTarget "Tests" */;
			buildPhases = (
				87EDCBAAD81A779D6F3FD853 /* [CP] Check Pods Manifest.lock */,
				C78C2011263AD01D0022A7BC /* Sources */,
				C78C2012263AD01D0022A7BC /* Frameworks */,
				C78C2013263AD01D0022A7BC /* Resources */,
				98D1FB38842743C599C6AE66 /* [CP] Embed Pods Frameworks */,
			);
			buildRules = (
			);
			dependencies = (
				C78C2018263AD01D0022A7BC /* PBXTargetDependency */,
			);
			name = Tests;
			productName = LiveStreamIosTests;
			productReference = C78C2015263AD01D0022A7BC /* Tests.xctest */;
			productType = "com.apple.product-type.bundle.unit-test";
		};
/* End PBXNativeTarget section */

/* Begin PBXProject section */
		C78C2003263AD01C0022A7BC /* Project object */ = {
			isa = PBXProject;
			attributes = {
				LastSwiftUpdateCheck = 1320;
				LastUpgradeCheck = 1250;
				TargetAttributes = {
					219B8DBA2779B46900E1B695 = {
						CreatedOnToolsVersion = 13.2;
					};
					C78C200B263AD01C0022A7BC = {
						CreatedOnToolsVersion = 12.5;
						LastSwiftMigration = 1250;
					};
					C78C2014263AD01D0022A7BC = {
						CreatedOnToolsVersion = 12.5;
					};
				};
			};
			buildConfigurationList = C78C2006263AD01C0022A7BC /* Build configuration list for PBXProject "ApiVideoLiveStream" */;
			compatibilityVersion = "Xcode 9.3";
			developmentRegion = en;
			hasScannedForEncodings = 0;
			knownRegions = (
				en,
				Base,
			);
			mainGroup = C78C2002263AD01C0022A7BC;
			productRefGroup = C78C200D263AD01C0022A7BC /* Products */;
			projectDirPath = "";
			projectRoot = "";
			targets = (
				C78C200B263AD01C0022A7BC /* ApiVideoLiveStream */,
				C78C2014263AD01D0022A7BC /* Tests */,
				219B8DBA2779B46900E1B695 /* Example */,
			);
		};
/* End PBXProject section */

/* Begin PBXResourcesBuildPhase section */
		219B8DB92779B46900E1B695 /* Resources */ = {
			isa = PBXResourcesBuildPhase;
			buildActionMask = 2147483647;
			files = (
				C7961B08278C8B9200B5EE94 /* Settings.bundle in Resources */,
				219B8DCA2779B46A00E1B695 /* LaunchScreen.storyboard in Resources */,
				219B8DC72779B46A00E1B695 /* Assets.xcassets in Resources */,
				219B8DC52779B46900E1B695 /* Main.storyboard in Resources */,
			);
			runOnlyForDeploymentPostprocessing = 0;
		};
		C78C200A263AD01C0022A7BC /* Resources */ = {
			isa = PBXResourcesBuildPhase;
			buildActionMask = 2147483647;
			files = (
			);
			runOnlyForDeploymentPostprocessing = 0;
		};
		C78C2013263AD01D0022A7BC /* Resources */ = {
			isa = PBXResourcesBuildPhase;
			buildActionMask = 2147483647;
			files = (
				216536F42779C6A800170AF2 /* Info.plist in Resources */,
			);
			runOnlyForDeploymentPostprocessing = 0;
		};
/* End PBXResourcesBuildPhase section */

/* Begin PBXShellScriptBuildPhase section */
		6E7AD57714E038DFA6924F0E /* [CP] Check Pods Manifest.lock */ = {
			isa = PBXShellScriptBuildPhase;
			buildActionMask = 2147483647;
			files = (
			);
			inputFileListPaths = (
			);
			inputPaths = (
				"${PODS_PODFILE_DIR_PATH}/Podfile.lock",
				"${PODS_ROOT}/Manifest.lock",
			);
			name = "[CP] Check Pods Manifest.lock";
			outputFileListPaths = (
			);
			outputPaths = (
				"$(DERIVED_FILE_DIR)/Pods-ApiVideoLiveStream-checkManifestLockResult.txt",
			);
			runOnlyForDeploymentPostprocessing = 0;
			shellPath = /bin/sh;
			shellScript = "diff \"${PODS_PODFILE_DIR_PATH}/Podfile.lock\" \"${PODS_ROOT}/Manifest.lock\" > /dev/null\nif [ $? != 0 ] ; then\n    # print error to STDERR\n    echo \"error: The sandbox is not in sync with the Podfile.lock. Run 'pod install' or update your CocoaPods installation.\" >&2\n    exit 1\nfi\n# This output is used by Xcode 'outputs' to avoid re-running this script phase.\necho \"SUCCESS\" > \"${SCRIPT_OUTPUT_FILE_0}\"\n";
			showEnvVarsInLog = 0;
		};
		87EDCBAAD81A779D6F3FD853 /* [CP] Check Pods Manifest.lock */ = {
			isa = PBXShellScriptBuildPhase;
			buildActionMask = 2147483647;
			files = (
			);
			inputFileListPaths = (
			);
			inputPaths = (
				"${PODS_PODFILE_DIR_PATH}/Podfile.lock",
				"${PODS_ROOT}/Manifest.lock",
			);
			name = "[CP] Check Pods Manifest.lock";
			outputFileListPaths = (
			);
			outputPaths = (
				"$(DERIVED_FILE_DIR)/Pods-ApiVideoLiveStream-Tests-checkManifestLockResult.txt",
			);
			runOnlyForDeploymentPostprocessing = 0;
			shellPath = /bin/sh;
			shellScript = "diff \"${PODS_PODFILE_DIR_PATH}/Podfile.lock\" \"${PODS_ROOT}/Manifest.lock\" > /dev/null\nif [ $? != 0 ] ; then\n    # print error to STDERR\n    echo \"error: The sandbox is not in sync with the Podfile.lock. Run 'pod install' or update your CocoaPods installation.\" >&2\n    exit 1\nfi\n# This output is used by Xcode 'outputs' to avoid re-running this script phase.\necho \"SUCCESS\" > \"${SCRIPT_OUTPUT_FILE_0}\"\n";
			showEnvVarsInLog = 0;
		};
		98D1FB38842743C599C6AE66 /* [CP] Embed Pods Frameworks */ = {
			isa = PBXShellScriptBuildPhase;
			buildActionMask = 2147483647;
			files = (
			);
			inputFileListPaths = (
				"${PODS_ROOT}/Target Support Files/Pods-ApiVideoLiveStream-Tests/Pods-ApiVideoLiveStream-Tests-frameworks-${CONFIGURATION}-input-files.xcfilelist",
			);
			name = "[CP] Embed Pods Frameworks";
			outputFileListPaths = (
				"${PODS_ROOT}/Target Support Files/Pods-ApiVideoLiveStream-Tests/Pods-ApiVideoLiveStream-Tests-frameworks-${CONFIGURATION}-output-files.xcfilelist",
			);
			runOnlyForDeploymentPostprocessing = 0;
			shellPath = /bin/sh;
			shellScript = "\"${PODS_ROOT}/Target Support Files/Pods-ApiVideoLiveStream-Tests/Pods-ApiVideoLiveStream-Tests-frameworks.sh\"\n";
			showEnvVarsInLog = 0;
		};
		BD70C40A42996D14F203BD5C /* [CP] Embed Pods Frameworks */ = {
			isa = PBXShellScriptBuildPhase;
			buildActionMask = 2147483647;
			files = (
			);
			inputFileListPaths = (
				"${PODS_ROOT}/Target Support Files/Pods-Example/Pods-Example-frameworks-${CONFIGURATION}-input-files.xcfilelist",
			);
			name = "[CP] Embed Pods Frameworks";
			outputFileListPaths = (
				"${PODS_ROOT}/Target Support Files/Pods-Example/Pods-Example-frameworks-${CONFIGURATION}-output-files.xcfilelist",
			);
			runOnlyForDeploymentPostprocessing = 0;
			shellPath = /bin/sh;
			shellScript = "\"${PODS_ROOT}/Target Support Files/Pods-Example/Pods-Example-frameworks.sh\"\n";
			showEnvVarsInLog = 0;
		};
		D39B9E5D0EA2394E5FBB8C94 /* [CP] Check Pods Manifest.lock */ = {
			isa = PBXShellScriptBuildPhase;
			buildActionMask = 2147483647;
			files = (
			);
			inputFileListPaths = (
			);
			inputPaths = (
				"${PODS_PODFILE_DIR_PATH}/Podfile.lock",
				"${PODS_ROOT}/Manifest.lock",
			);
			name = "[CP] Check Pods Manifest.lock";
			outputFileListPaths = (
			);
			outputPaths = (
				"$(DERIVED_FILE_DIR)/Pods-Example-checkManifestLockResult.txt",
			);
			runOnlyForDeploymentPostprocessing = 0;
			shellPath = /bin/sh;
			shellScript = "diff \"${PODS_PODFILE_DIR_PATH}/Podfile.lock\" \"${PODS_ROOT}/Manifest.lock\" > /dev/null\nif [ $? != 0 ] ; then\n    # print error to STDERR\n    echo \"error: The sandbox is not in sync with the Podfile.lock. Run 'pod install' or update your CocoaPods installation.\" >&2\n    exit 1\nfi\n# This output is used by Xcode 'outputs' to avoid re-running this script phase.\necho \"SUCCESS\" > \"${SCRIPT_OUTPUT_FILE_0}\"\n";
			showEnvVarsInLog = 0;
		};
/* End PBXShellScriptBuildPhase section */

/* Begin PBXSourcesBuildPhase section */
		219B8DB72779B46900E1B695 /* Sources */ = {
			isa = PBXSourcesBuildPhase;
			buildActionMask = 2147483647;
			files = (
				C7178158279AC41F00276345 /* SettingsManager.swift in Sources */,
				219B8DC22779B46900E1B695 /* ViewController.swift in Sources */,
				C7961B162796D23800B5EE94 /* UpdateParamDelegate.swift in Sources */,
				C7961B0A278F228700B5EE94 /* SettingTableViewCell.swift in Sources */,
				C7961B1027902DFB00B5EE94 /* TextTableViewCell.swift in Sources */,
				219B8DBE2779B46900E1B695 /* AppDelegate.swift in Sources */,
				219B8DC02779B46900E1B695 /* SceneDelegate.swift in Sources */,
				C7961B122791BF4D00B5EE94 /* ListViewController.swift in Sources */,
				C7961B0E278F55B500B5EE94 /* SliderTableViewCell.swift in Sources */,
				C7961B06278C4CC400B5EE94 /* SettingsViewController.swift in Sources */,
				C7961B0C278F3DD700B5EE94 /* SwitchTableViewCell.swift in Sources */,
				C7961B142791DA6A00B5EE94 /* ListTableViewCell.swift in Sources */,
			);
			runOnlyForDeploymentPostprocessing = 0;
		};
		C78C2008263AD01C0022A7BC /* Sources */ = {
			isa = PBXSourcesBuildPhase;
			buildActionMask = 2147483647;
			files = (
				212CABF3277A13A700E02F79 /* Configuration.swift in Sources */,
				216536ED2779C66100170AF2 /* ApiVideoLiveStream.swift in Sources */,
			);
			runOnlyForDeploymentPostprocessing = 0;
		};
		C78C2011263AD01D0022A7BC /* Sources */ = {
			isa = PBXSourcesBuildPhase;
			buildActionMask = 2147483647;
			files = (
				216536F32779C6A800170AF2 /* DummyTest.swift in Sources */,
			);
			runOnlyForDeploymentPostprocessing = 0;
		};
/* End PBXSourcesBuildPhase section */

/* Begin PBXTargetDependency section */
		C78C2018263AD01D0022A7BC /* PBXTargetDependency */ = {
			isa = PBXTargetDependency;
			target = C78C200B263AD01C0022A7BC /* ApiVideoLiveStream */;
			targetProxy = C78C2017263AD01D0022A7BC /* PBXContainerItemProxy */;
		};
/* End PBXTargetDependency section */

/* Begin PBXVariantGroup section */
		219B8DC32779B46900E1B695 /* Main.storyboard */ = {
			isa = PBXVariantGroup;
			children = (
				219B8DC42779B46900E1B695 /* Base */,
			);
			name = Main.storyboard;
			sourceTree = "<group>";
		};
		219B8DC82779B46A00E1B695 /* LaunchScreen.storyboard */ = {
			isa = PBXVariantGroup;
			children = (
				219B8DC92779B46A00E1B695 /* Base */,
			);
			name = LaunchScreen.storyboard;
			sourceTree = "<group>";
		};
/* End PBXVariantGroup section */

/* Begin XCBuildConfiguration section */
		219B8DCD2779B46A00E1B695 /* Debug */ = {
			isa = XCBuildConfiguration;
			baseConfigurationReference = 93EA046C0AD14723CDB83FB9 /* Pods-Example.debug.xcconfig */;
			buildSettings = {
				ASSETCATALOG_COMPILER_APPICON_NAME = AppIcon;
				ASSETCATALOG_COMPILER_GLOBAL_ACCENT_COLOR_NAME = AccentColor;
				CLANG_CXX_LANGUAGE_STANDARD = "gnu++17";
				CODE_SIGN_STYLE = Automatic;
				CURRENT_PROJECT_VERSION = 1;
				DEVELOPMENT_TEAM = GBC36KP98K;
				GENERATE_INFOPLIST_FILE = YES;
				INFOPLIST_FILE = Example/Info.plist;
				INFOPLIST_KEY_UIApplicationSupportsIndirectInputEvents = YES;
				INFOPLIST_KEY_UILaunchStoryboardName = LaunchScreen;
				INFOPLIST_KEY_UIMainStoryboardFile = Main;
				INFOPLIST_KEY_UISupportedInterfaceOrientations_iPad = "UIInterfaceOrientationPortrait UIInterfaceOrientationPortraitUpsideDown UIInterfaceOrientationLandscapeLeft UIInterfaceOrientationLandscapeRight";
				INFOPLIST_KEY_UISupportedInterfaceOrientations_iPhone = "UIInterfaceOrientationPortrait UIInterfaceOrientationLandscapeLeft UIInterfaceOrientationLandscapeRight";
				IPHONEOS_DEPLOYMENT_TARGET = 15.2;
				LD_RUNPATH_SEARCH_PATHS = (
					"$(inherited)",
					"@executable_path/Frameworks",
				);
				MARKETING_VERSION = 1.0;
				PRODUCT_BUNDLE_IDENTIFIER = video.api.livestream.Example;
				PRODUCT_NAME = "$(TARGET_NAME)";
				SWIFT_EMIT_LOC_STRINGS = YES;
				SWIFT_VERSION = 5.0;
				TARGETED_DEVICE_FAMILY = "1,2";
			};
			name = Debug;
		};
		219B8DCE2779B46A00E1B695 /* Release */ = {
			isa = XCBuildConfiguration;
			baseConfigurationReference = 4CE9E869BDDA54F47CEA1F37 /* Pods-Example.release.xcconfig */;
			buildSettings = {
				ASSETCATALOG_COMPILER_APPICON_NAME = AppIcon;
				ASSETCATALOG_COMPILER_GLOBAL_ACCENT_COLOR_NAME = AccentColor;
				CLANG_CXX_LANGUAGE_STANDARD = "gnu++17";
				CODE_SIGN_STYLE = Automatic;
				CURRENT_PROJECT_VERSION = 1;
				DEVELOPMENT_TEAM = GBC36KP98K;
				GENERATE_INFOPLIST_FILE = YES;
				INFOPLIST_FILE = Example/Info.plist;
				INFOPLIST_KEY_UIApplicationSupportsIndirectInputEvents = YES;
				INFOPLIST_KEY_UILaunchStoryboardName = LaunchScreen;
				INFOPLIST_KEY_UIMainStoryboardFile = Main;
				INFOPLIST_KEY_UISupportedInterfaceOrientations_iPad = "UIInterfaceOrientationPortrait UIInterfaceOrientationPortraitUpsideDown UIInterfaceOrientationLandscapeLeft UIInterfaceOrientationLandscapeRight";
				INFOPLIST_KEY_UISupportedInterfaceOrientations_iPhone = "UIInterfaceOrientationPortrait UIInterfaceOrientationLandscapeLeft UIInterfaceOrientationLandscapeRight";
				IPHONEOS_DEPLOYMENT_TARGET = 15.2;
				LD_RUNPATH_SEARCH_PATHS = (
					"$(inherited)",
					"@executable_path/Frameworks",
				);
				MARKETING_VERSION = 1.0;
				PRODUCT_BUNDLE_IDENTIFIER = video.api.livestream.Example;
				PRODUCT_NAME = "$(TARGET_NAME)";
				SWIFT_EMIT_LOC_STRINGS = YES;
				SWIFT_VERSION = 5.0;
				TARGETED_DEVICE_FAMILY = "1,2";
			};
			name = Release;
		};
		C78C201E263AD01D0022A7BC /* Debug */ = {
			isa = XCBuildConfiguration;
			buildSettings = {
				ALWAYS_SEARCH_USER_PATHS = NO;
				CLANG_ANALYZER_NONNULL = YES;
				CLANG_ANALYZER_NUMBER_OBJECT_CONVERSION = YES_AGGRESSIVE;
				CLANG_CXX_LANGUAGE_STANDARD = "gnu++14";
				CLANG_CXX_LIBRARY = "libc++";
				CLANG_ENABLE_MODULES = YES;
				CLANG_ENABLE_OBJC_ARC = YES;
				CLANG_ENABLE_OBJC_WEAK = YES;
				CLANG_WARN_BLOCK_CAPTURE_AUTORELEASING = YES;
				CLANG_WARN_BOOL_CONVERSION = YES;
				CLANG_WARN_COMMA = YES;
				CLANG_WARN_CONSTANT_CONVERSION = YES;
				CLANG_WARN_DEPRECATED_OBJC_IMPLEMENTATIONS = YES;
				CLANG_WARN_DIRECT_OBJC_ISA_USAGE = YES_ERROR;
				CLANG_WARN_DOCUMENTATION_COMMENTS = YES;
				CLANG_WARN_EMPTY_BODY = YES;
				CLANG_WARN_ENUM_CONVERSION = YES;
				CLANG_WARN_INFINITE_RECURSION = YES;
				CLANG_WARN_INT_CONVERSION = YES;
				CLANG_WARN_NON_LITERAL_NULL_CONVERSION = YES;
				CLANG_WARN_OBJC_IMPLICIT_RETAIN_SELF = YES;
				CLANG_WARN_OBJC_LITERAL_CONVERSION = YES;
				CLANG_WARN_OBJC_ROOT_CLASS = YES_ERROR;
				CLANG_WARN_QUOTED_INCLUDE_IN_FRAMEWORK_HEADER = YES;
				CLANG_WARN_RANGE_LOOP_ANALYSIS = YES;
				CLANG_WARN_STRICT_PROTOTYPES = YES;
				CLANG_WARN_SUSPICIOUS_MOVE = YES;
				CLANG_WARN_UNGUARDED_AVAILABILITY = YES_AGGRESSIVE;
				CLANG_WARN_UNREACHABLE_CODE = YES;
				CLANG_WARN__DUPLICATE_METHOD_MATCH = YES;
				COPY_PHASE_STRIP = NO;
				CURRENT_PROJECT_VERSION = 1;
				DEBUG_INFORMATION_FORMAT = dwarf;
				ENABLE_STRICT_OBJC_MSGSEND = YES;
				ENABLE_TESTABILITY = YES;
				GCC_C_LANGUAGE_STANDARD = gnu11;
				GCC_DYNAMIC_NO_PIC = NO;
				GCC_NO_COMMON_BLOCKS = YES;
				GCC_OPTIMIZATION_LEVEL = 0;
				GCC_PREPROCESSOR_DEFINITIONS = (
					"DEBUG=1",
					"$(inherited)",
				);
				GCC_WARN_64_TO_32_BIT_CONVERSION = YES;
				GCC_WARN_ABOUT_RETURN_TYPE = YES_ERROR;
				GCC_WARN_UNDECLARED_SELECTOR = YES;
				GCC_WARN_UNINITIALIZED_AUTOS = YES_AGGRESSIVE;
				GCC_WARN_UNUSED_FUNCTION = YES;
				GCC_WARN_UNUSED_VARIABLE = YES;
				IPHONEOS_DEPLOYMENT_TARGET = 14.5;
				MTL_ENABLE_DEBUG_INFO = INCLUDE_SOURCE;
				MTL_FAST_MATH = YES;
				ONLY_ACTIVE_ARCH = YES;
				SDKROOT = iphoneos;
				SWIFT_ACTIVE_COMPILATION_CONDITIONS = DEBUG;
				SWIFT_OPTIMIZATION_LEVEL = "-Onone";
				VERSIONING_SYSTEM = "apple-generic";
				VERSION_INFO_PREFIX = "";
			};
			name = Debug;
		};
		C78C201F263AD01D0022A7BC /* Release */ = {
			isa = XCBuildConfiguration;
			buildSettings = {
				ALWAYS_SEARCH_USER_PATHS = NO;
				CLANG_ANALYZER_NONNULL = YES;
				CLANG_ANALYZER_NUMBER_OBJECT_CONVERSION = YES_AGGRESSIVE;
				CLANG_CXX_LANGUAGE_STANDARD = "gnu++14";
				CLANG_CXX_LIBRARY = "libc++";
				CLANG_ENABLE_MODULES = YES;
				CLANG_ENABLE_OBJC_ARC = YES;
				CLANG_ENABLE_OBJC_WEAK = YES;
				CLANG_WARN_BLOCK_CAPTURE_AUTORELEASING = YES;
				CLANG_WARN_BOOL_CONVERSION = YES;
				CLANG_WARN_COMMA = YES;
				CLANG_WARN_CONSTANT_CONVERSION = YES;
				CLANG_WARN_DEPRECATED_OBJC_IMPLEMENTATIONS = YES;
				CLANG_WARN_DIRECT_OBJC_ISA_USAGE = YES_ERROR;
				CLANG_WARN_DOCUMENTATION_COMMENTS = YES;
				CLANG_WARN_EMPTY_BODY = YES;
				CLANG_WARN_ENUM_CONVERSION = YES;
				CLANG_WARN_INFINITE_RECURSION = YES;
				CLANG_WARN_INT_CONVERSION = YES;
				CLANG_WARN_NON_LITERAL_NULL_CONVERSION = YES;
				CLANG_WARN_OBJC_IMPLICIT_RETAIN_SELF = YES;
				CLANG_WARN_OBJC_LITERAL_CONVERSION = YES;
				CLANG_WARN_OBJC_ROOT_CLASS = YES_ERROR;
				CLANG_WARN_QUOTED_INCLUDE_IN_FRAMEWORK_HEADER = YES;
				CLANG_WARN_RANGE_LOOP_ANALYSIS = YES;
				CLANG_WARN_STRICT_PROTOTYPES = YES;
				CLANG_WARN_SUSPICIOUS_MOVE = YES;
				CLANG_WARN_UNGUARDED_AVAILABILITY = YES_AGGRESSIVE;
				CLANG_WARN_UNREACHABLE_CODE = YES;
				CLANG_WARN__DUPLICATE_METHOD_MATCH = YES;
				COPY_PHASE_STRIP = NO;
				CURRENT_PROJECT_VERSION = 1;
				DEBUG_INFORMATION_FORMAT = "dwarf-with-dsym";
				ENABLE_NS_ASSERTIONS = NO;
				ENABLE_STRICT_OBJC_MSGSEND = YES;
				GCC_C_LANGUAGE_STANDARD = gnu11;
				GCC_NO_COMMON_BLOCKS = YES;
				GCC_WARN_64_TO_32_BIT_CONVERSION = YES;
				GCC_WARN_ABOUT_RETURN_TYPE = YES_ERROR;
				GCC_WARN_UNDECLARED_SELECTOR = YES;
				GCC_WARN_UNINITIALIZED_AUTOS = YES_AGGRESSIVE;
				GCC_WARN_UNUSED_FUNCTION = YES;
				GCC_WARN_UNUSED_VARIABLE = YES;
				IPHONEOS_DEPLOYMENT_TARGET = 14.5;
				MTL_ENABLE_DEBUG_INFO = NO;
				MTL_FAST_MATH = YES;
				SDKROOT = iphoneos;
				SWIFT_COMPILATION_MODE = wholemodule;
				SWIFT_OPTIMIZATION_LEVEL = "-O";
				VALIDATE_PRODUCT = YES;
				VERSIONING_SYSTEM = "apple-generic";
				VERSION_INFO_PREFIX = "";
			};
			name = Release;
		};
		C78C2021263AD01D0022A7BC /* Debug */ = {
			isa = XCBuildConfiguration;
			baseConfigurationReference = 8A7FD4A00396029F35B4C6A3 /* Pods-ApiVideoLiveStream.debug.xcconfig */;
			buildSettings = {
				CLANG_ENABLE_MODULES = YES;
				CODE_SIGN_STYLE = Automatic;
				DEFINES_MODULE = YES;
				DEVELOPMENT_TEAM = GBC36KP98K;
				DYLIB_COMPATIBILITY_VERSION = 1;
				DYLIB_CURRENT_VERSION = 1;
				DYLIB_INSTALL_NAME_BASE = "@rpath";
				INFOPLIST_FILE = "$(SRCROOT)/Sources/Info.plist";
				INSTALL_PATH = "$(LOCAL_LIBRARY_DIR)/Frameworks";
				LD_RUNPATH_SEARCH_PATHS = (
					"$(inherited)",
					"@executable_path/Frameworks",
					"@loader_path/Frameworks",
				);
				PRODUCT_BUNDLE_IDENTIFIER = video.api.LiveStream;
				PRODUCT_NAME = "$(TARGET_NAME:c99extidentifier)";
				SKIP_INSTALL = YES;
				SUPPORTS_MACCATALYST = NO;
				SWIFT_OPTIMIZATION_LEVEL = "-Onone";
				SWIFT_VERSION = 5.0;
				TARGETED_DEVICE_FAMILY = "1,2";
			};
			name = Debug;
		};
		C78C2022263AD01D0022A7BC /* Release */ = {
			isa = XCBuildConfiguration;
			baseConfigurationReference = 43AB8AD04FF000B9D6FC0B08 /* Pods-ApiVideoLiveStream.release.xcconfig */;
			buildSettings = {
				CLANG_ENABLE_MODULES = YES;
				CODE_SIGN_STYLE = Automatic;
				DEFINES_MODULE = YES;
				DEVELOPMENT_TEAM = GBC36KP98K;
				DYLIB_COMPATIBILITY_VERSION = 1;
				DYLIB_CURRENT_VERSION = 1;
				DYLIB_INSTALL_NAME_BASE = "@rpath";
				INFOPLIST_FILE = "$(SRCROOT)/Sources/Info.plist";
				INSTALL_PATH = "$(LOCAL_LIBRARY_DIR)/Frameworks";
				LD_RUNPATH_SEARCH_PATHS = (
					"$(inherited)",
					"@executable_path/Frameworks",
					"@loader_path/Frameworks",
				);
				PRODUCT_BUNDLE_IDENTIFIER = video.api.LiveStream;
				PRODUCT_NAME = "$(TARGET_NAME:c99extidentifier)";
				SKIP_INSTALL = YES;
				SUPPORTS_MACCATALYST = NO;
				SWIFT_VERSION = 5.0;
				TARGETED_DEVICE_FAMILY = "1,2";
			};
			name = Release;
		};
		C78C2024263AD01D0022A7BC /* Debug */ = {
			isa = XCBuildConfiguration;
			baseConfigurationReference = A16C02B4E0E20B40927FC7E3 /* Pods-ApiVideoLiveStream-Tests.debug.xcconfig */;
			buildSettings = {
				ALWAYS_EMBED_SWIFT_STANDARD_LIBRARIES = YES;
				CODE_SIGN_STYLE = Automatic;
				DEVELOPMENT_TEAM = VY3VXRC7P4;
				INFOPLIST_FILE = LiveStreamIosTests/Info.plist;
				LD_RUNPATH_SEARCH_PATHS = (
					"$(inherited)",
					"@executable_path/Frameworks",
					"@loader_path/Frameworks",
				);
				PRODUCT_BUNDLE_IDENTIFIER = video.api.LiveStreamIosTests;
				PRODUCT_NAME = "$(TARGET_NAME)";
				SWIFT_VERSION = 5.0;
				TARGETED_DEVICE_FAMILY = "1,2";
			};
			name = Debug;
		};
		C78C2025263AD01D0022A7BC /* Release */ = {
			isa = XCBuildConfiguration;
			baseConfigurationReference = 7212940258CECDA65B7AED0B /* Pods-ApiVideoLiveStream-Tests.release.xcconfig */;
			buildSettings = {
				ALWAYS_EMBED_SWIFT_STANDARD_LIBRARIES = YES;
				CODE_SIGN_STYLE = Automatic;
				DEVELOPMENT_TEAM = VY3VXRC7P4;
				INFOPLIST_FILE = LiveStreamIosTests/Info.plist;
				LD_RUNPATH_SEARCH_PATHS = (
					"$(inherited)",
					"@executable_path/Frameworks",
					"@loader_path/Frameworks",
				);
				PRODUCT_BUNDLE_IDENTIFIER = video.api.LiveStreamIosTests;
				PRODUCT_NAME = "$(TARGET_NAME)";
				SWIFT_VERSION = 5.0;
				TARGETED_DEVICE_FAMILY = "1,2";
			};
			name = Release;
		};
/* End XCBuildConfiguration section */

/* Begin XCConfigurationList section */
		219B8DCC2779B46A00E1B695 /* Build configuration list for PBXNativeTarget "Example" */ = {
			isa = XCConfigurationList;
			buildConfigurations = (
				219B8DCD2779B46A00E1B695 /* Debug */,
				219B8DCE2779B46A00E1B695 /* Release */,
			);
			defaultConfigurationIsVisible = 0;
			defaultConfigurationName = Release;
		};
		C78C2006263AD01C0022A7BC /* Build configuration list for PBXProject "ApiVideoLiveStream" */ = {
			isa = XCConfigurationList;
			buildConfigurations = (
				C78C201E263AD01D0022A7BC /* Debug */,
				C78C201F263AD01D0022A7BC /* Release */,
			);
			defaultConfigurationIsVisible = 0;
			defaultConfigurationName = Release;
		};
		C78C2020263AD01D0022A7BC /* Build configuration list for PBXNativeTarget "ApiVideoLiveStream" */ = {
			isa = XCConfigurationList;
			buildConfigurations = (
				C78C2021263AD01D0022A7BC /* Debug */,
				C78C2022263AD01D0022A7BC /* Release */,
			);
			defaultConfigurationIsVisible = 0;
			defaultConfigurationName = Release;
		};
		C78C2023263AD01D0022A7BC /* Build configuration list for PBXNativeTarget "Tests" */ = {
			isa = XCConfigurationList;
			buildConfigurations = (
				C78C2024263AD01D0022A7BC /* Debug */,
				C78C2025263AD01D0022A7BC /* Release */,
			);
			defaultConfigurationIsVisible = 0;
			defaultConfigurationName = Release;
		};
/* End XCConfigurationList section */
	};
	rootObject = C78C2003263AD01C0022A7BC /* Project object */;
}
